
Microsoft Visual Studio Solution File, Format Version 12.00
# Visual Studio Version 16
VisualStudioVersion = 16.0.30002.166
MinimumVisualStudioVersion = 10.0.40219.1
Project("{FAE04EC0-301F-11D3-BF4B-00C04F79EFBC}") = "Engine", "Engine\Engine.csproj", "{DE3A9DB8-A5D7-4EC4-8ECF-A6FF2549B97F}"
EndProject
Global
	GlobalSection(SolutionConfigurationPlatforms) = preSolution
		Debug|Any CPU = Debug|Any CPU
		Release|Any CPU = Release|Any CPU
	EndGlobalSection
	GlobalSection(ProjectConfigurationPlatforms) = postSolution
		{DE3A9DB8-A5D7-4EC4-8ECF-A6FF2549B97F}.Debug|Any CPU.ActiveCfg = Debug|Any CPU
		{DE3A9DB8-A5D7-4EC4-8ECF-A6FF2549B97F}.Debug|Any CPU.Build.0 = Debug|Any CPU
		{DE3A9DB8-A5D7-4EC4-8ECF-A6FF2549B97F}.Release|Any CPU.ActiveCfg = Release|Any CPU
		{DE3A9DB8-A5D7-4EC4-8ECF-A6FF2549B97F}.Release|Any CPU.Build.0 = Release|Any CPU
	EndGlobalSection
	GlobalSection(SolutionProperties) = preSolution
		HideSolutionNode = FALSE
	EndGlobalSection
	GlobalSection(ExtensibilityGlobals) = postSolution
		SolutionGuid = {45D2B7EE-59D8-4938-A6A0-DF86766ED6C7}
	EndGlobalSection
EndGlobal
